
Microsoft Visual Studio Solution File, Format Version 12.00
# Visual Studio Version 17
VisualStudioVersion = 17.13.35931.197 d17.13
MinimumVisualStudioVersion = 10.0.40219.1
Project("{FAE04EC0-301F-11D3-BF4B-00C04F79EFBC}") = "StarWars", "StarWars\StarWars.csproj", "{86C3E427-0024-4A13-9E65-17A8B35FB353}"
EndProject
Global
	GlobalSection(SolutionConfigurationPlatforms) = preSolution
		Debug|Any CPU = Debug|Any CPU
		Release|Any CPU = Release|Any CPU
	EndGlobalSection
	GlobalSection(ProjectConfigurationPlatforms) = postSolution
		{86C3E427-0024-4A13-9E65-17A8B35FB353}.Debug|Any CPU.ActiveCfg = Debug|Any CPU
		{86C3E427-0024-4A13-9E65-17A8B35FB353}.Debug|Any CPU.Build.0 = Debug|Any CPU
		{86C3E427-0024-4A13-9E65-17A8B35FB353}.Release|Any CPU.ActiveCfg = Release|Any CPU
		{86C3E427-0024-4A13-9E65-17A8B35FB353}.Release|Any CPU.Build.0 = Release|Any CPU
	EndGlobalSection
	GlobalSection(SolutionProperties) = preSolution
		HideSolutionNode = FALSE
	EndGlobalSection
	GlobalSection(ExtensibilityGlobals) = postSolution
		SolutionGuid = {43C5E966-73A3-4C36-B61B-1E8B5EA48B09}
	EndGlobalSection
EndGlobal
